// !$*UTF8*$!
{
	archiveVersion = 1;
	classes = {
	};
	objectVersion = 46;
	objects = {

/* Begin PBXBuildFile section */
		BE4EE05D1EFE446300BD6930 /* AppDelegate.swift in Sources */ = {isa = PBXBuildFile; fileRef = BE4EE05C1EFE446300BD6930 /* AppDelegate.swift */; };
		BE4EE05F1EFE446300BD6930 /* ViewController.swift in Sources */ = {isa = PBXBuildFile; fileRef = BE4EE05E1EFE446300BD6930 /* ViewController.swift */; };
		BE4EE0621EFE446300BD6930 /* Main.storyboard in Resources */ = {isa = PBXBuildFile; fileRef = BE4EE0601EFE446300BD6930 /* Main.storyboard */; };
		BE4EE0641EFE446300BD6930 /* Assets.xcassets in Resources */ = {isa = PBXBuildFile; fileRef = BE4EE0631EFE446300BD6930 /* Assets.xcassets */; };
		BE4EE0671EFE446300BD6930 /* LaunchScreen.storyboard in Resources */ = {isa = PBXBuildFile; fileRef = BE4EE0651EFE446300BD6930 /* LaunchScreen.storyboard */; };
		BE4EE0721EFE446400BD6930 /* cameraTests.swift in Sources */ = {isa = PBXBuildFile; fileRef = BE4EE0711EFE446400BD6930 /* cameraTests.swift */; };
		BE4EE07D1EFE446400BD6930 /* cameraUITests.swift in Sources */ = {isa = PBXBuildFile; fileRef = BE4EE07C1EFE446400BD6930 /* cameraUITests.swift */; };
/* End PBXBuildFile section */

/* Begin PBXContainerItemProxy section */
		BE4EE06E1EFE446400BD6930 /* PBXContainerItemProxy */ = {
			isa = PBXContainerItemProxy;
			containerPortal = BE4EE0511EFE446300BD6930 /* Project object */;
			proxyType = 1;
			remoteGlobalIDString = BE4EE0581EFE446300BD6930;
			remoteInfo = camera;
		};
		BE4EE0791EFE446400BD6930 /* PBXContainerItemProxy */ = {
			isa = PBXContainerItemProxy;
			containerPortal = BE4EE0511EFE446300BD6930 /* Project object */;
			proxyType = 1;
			remoteGlobalIDString = BE4EE0581EFE446300BD6930;
			remoteInfo = camera;
		};
/* End PBXContainerItemProxy section */

/* Begin PBXFileReference section */
		BE4EE0591EFE446300BD6930 /* camera.app */ = {isa = PBXFileReference; explicitFileType = wrapper.application; includeInIndex = 0; path = camera.app; sourceTree = BUILT_PRODUCTS_DIR; };
		BE4EE05C1EFE446300BD6930 /* AppDelegate.swift */ = {isa = PBXFileReference; lastKnownFileType = sourcecode.swift; path = AppDelegate.swift; sourceTree = "<group>"; };
		BE4EE05E1EFE446300BD6930 /* ViewController.swift */ = {isa = PBXFileReference; lastKnownFileType = sourcecode.swift; path = ViewController.swift; sourceTree = "<group>"; };
		BE4EE0611EFE446300BD6930 /* Base */ = {isa = PBXFileReference; lastKnownFileType = file.storyboard; name = Base; path = Base.lproj/Main.storyboard; sourceTree = "<group>"; };
		BE4EE0631EFE446300BD6930 /* Assets.xcassets */ = {isa = PBXFileReference; lastKnownFileType = folder.assetcatalog; path = Assets.xcassets; sourceTree = "<group>"; };
		BE4EE0661EFE446300BD6930 /* Base */ = {isa = PBXFileReference; lastKnownFileType = file.storyboard; name = Base; path = Base.lproj/LaunchScreen.storyboard; sourceTree = "<group>"; };
		BE4EE0681EFE446300BD6930 /* Info.plist */ = {isa = PBXFileReference; lastKnownFileType = text.plist.xml; path = Info.plist; sourceTree = "<group>"; };
		BE4EE06D1EFE446400BD6930 /* cameraTests.xctest */ = {isa = PBXFileReference; explicitFileType = wrapper.cfbundle; includeInIndex = 0; path = cameraTests.xctest; sourceTree = BUILT_PRODUCTS_DIR; };
		BE4EE0711EFE446400BD6930 /* cameraTests.swift */ = {isa = PBXFileReference; lastKnownFileType = sourcecode.swift; path = cameraTests.swift; sourceTree = "<group>"; };
		BE4EE0731EFE446400BD6930 /* Info.plist */ = {isa = PBXFileReference; lastKnownFileType = text.plist.xml; path = Info.plist; sourceTree = "<group>"; };
		BE4EE0781EFE446400BD6930 /* cameraUITests.xctest */ = {isa = PBXFileReference; explicitFileType = wrapper.cfbundle; includeInIndex = 0; path = cameraUITests.xctest; sourceTree = BUILT_PRODUCTS_DIR; };
		BE4EE07C1EFE446400BD6930 /* cameraUITests.swift */ = {isa = PBXFileReference; lastKnownFileType = sourcecode.swift; path = cameraUITests.swift; sourceTree = "<group>"; };
		BE4EE07E1EFE446400BD6930 /* Info.plist */ = {isa = PBXFileReference; lastKnownFileType = text.plist.xml; path = Info.plist; sourceTree = "<group>"; };
/* End PBXFileReference section */

/* Begin PBXFrameworksBuildPhase section */
		BE4EE0561EFE446300BD6930 /* Frameworks */ = {
			isa = PBXFrameworksBuildPhase;
			buildActionMask = 2147483647;
			files = (
			);
			runOnlyForDeploymentPostprocessing = 0;
		};
		BE4EE06A1EFE446400BD6930 /* Frameworks */ = {
			isa = PBXFrameworksBuildPhase;
			buildActionMask = 2147483647;
			files = (
			);
			runOnlyForDeploymentPostprocessing = 0;
		};
		BE4EE0751EFE446400BD6930 /* Frameworks */ = {
			isa = PBXFrameworksBuildPhase;
			buildActionMask = 2147483647;
			files = (
			);
			runOnlyForDeploymentPostprocessing = 0;
		};
/* End PBXFrameworksBuildPhase section */

/* Begin PBXGroup section */
		BE4EE0501EFE446300BD6930 = {
			isa = PBXGroup;
			children = (
				BE4EE05B1EFE446300BD6930 /* camera */,
				BE4EE0701EFE446400BD6930 /* cameraTests */,
				BE4EE07B1EFE446400BD6930 /* cameraUITests */,
				BE4EE05A1EFE446300BD6930 /* Products */,
			);
			sourceTree = "<group>";
		};
		BE4EE05A1EFE446300BD6930 /* Products */ = {
			isa = PBXGroup;
			children = (
				BE4EE0591EFE446300BD6930 /* camera.app */,
				BE4EE06D1EFE446400BD6930 /* cameraTests.xctest */,
				BE4EE0781EFE446400BD6930 /* cameraUITests.xctest */,
			);
			name = Products;
			sourceTree = "<group>";
		};
		BE4EE05B1EFE446300BD6930 /* camera */ = {
			isa = PBXGroup;
			children = (
				BE4EE05C1EFE446300BD6930 /* AppDelegate.swift */,
				BE4EE05E1EFE446300BD6930 /* ViewController.swift */,
				BE4EE0601EFE446300BD6930 /* Main.storyboard */,
				BE4EE0631EFE446300BD6930 /* Assets.xcassets */,
				BE4EE0651EFE446300BD6930 /* LaunchScreen.storyboard */,
				BE4EE0681EFE446300BD6930 /* Info.plist */,
			);
			path = camera;
			sourceTree = "<group>";
		};
		BE4EE0701EFE446400BD6930 /* cameraTests */ = {
			isa = PBXGroup;
			children = (
				BE4EE0711EFE446400BD6930 /* cameraTests.swift */,
				BE4EE0731EFE446400BD6930 /* Info.plist */,
			);
			path = cameraTests;
			sourceTree = "<group>";
		};
		BE4EE07B1EFE446400BD6930 /* cameraUITests */ = {
			isa = PBXGroup;
			children = (
				BE4EE07C1EFE446400BD6930 /* cameraUITests.swift */,
				BE4EE07E1EFE446400BD6930 /* Info.plist */,
			);
			path = cameraUITests;
			sourceTree = "<group>";
		};
/* End PBXGroup section */

/* Begin PBXNativeTarget section */
		BE4EE0581EFE446300BD6930 /* camera */ = {
			isa = PBXNativeTarget;
			buildConfigurationList = BE4EE0811EFE446400BD6930 /* Build configuration list for PBXNativeTarget "camera" */;
			buildPhases = (
				BE4EE0551EFE446300BD6930 /* Sources */,
				BE4EE0561EFE446300BD6930 /* Frameworks */,
				BE4EE0571EFE446300BD6930 /* Resources */,
			);
			buildRules = (
			);
			dependencies = (
			);
			name = camera;
			productName = camera;
			productReference = BE4EE0591EFE446300BD6930 /* camera.app */;
			productType = "com.apple.product-type.application";
		};
		BE4EE06C1EFE446400BD6930 /* cameraTests */ = {
			isa = PBXNativeTarget;
			buildConfigurationList = BE4EE0841EFE446400BD6930 /* Build configuration list for PBXNativeTarget "cameraTests" */;
			buildPhases = (
				BE4EE0691EFE446400BD6930 /* Sources */,
				BE4EE06A1EFE446400BD6930 /* Frameworks */,
				BE4EE06B1EFE446400BD6930 /* Resources */,
			);
			buildRules = (
			);
			dependencies = (
				BE4EE06F1EFE446400BD6930 /* PBXTargetDependency */,
			);
			name = cameraTests;
			productName = cameraTests;
			productReference = BE4EE06D1EFE446400BD6930 /* cameraTests.xctest */;
			productType = "com.apple.product-type.bundle.unit-test";
		};
		BE4EE0771EFE446400BD6930 /* cameraUITests */ = {
			isa = PBXNativeTarget;
			buildConfigurationList = BE4EE0871EFE446400BD6930 /* Build configuration list for PBXNativeTarget "cameraUITests" */;
			buildPhases = (
				BE4EE0741EFE446400BD6930 /* Sources */,
				BE4EE0751EFE446400BD6930 /* Frameworks */,
				BE4EE0761EFE446400BD6930 /* Resources */,
			);
			buildRules = (
			);
			dependencies = (
				BE4EE07A1EFE446400BD6930 /* PBXTargetDependency */,
			);
			name = cameraUITests;
			productName = cameraUITests;
			productReference = BE4EE0781EFE446400BD6930 /* cameraUITests.xctest */;
			productType = "com.apple.product-type.bundle.ui-testing";
		};
/* End PBXNativeTarget section */

/* Begin PBXProject section */
		BE4EE0511EFE446300BD6930 /* Project object */ = {
			isa = PBXProject;
			attributes = {
				LastSwiftUpdateCheck = 0820;
				LastUpgradeCheck = 0820;
				ORGANIZATIONNAME = "新井晟矢";
				TargetAttributes = {
					BE4EE0581EFE446300BD6930 = {
						CreatedOnToolsVersion = 8.2.1;
						DevelopmentTeam = G38HH54347;
						ProvisioningStyle = Automatic;
					};
					BE4EE06C1EFE446400BD6930 = {
						CreatedOnToolsVersion = 8.2.1;
						DevelopmentTeam = G38HH54347;
						ProvisioningStyle = Automatic;
						TestTargetID = BE4EE0581EFE446300BD6930;
					};
					BE4EE0771EFE446400BD6930 = {
						CreatedOnToolsVersion = 8.2.1;
						DevelopmentTeam = G38HH54347;
						ProvisioningStyle = Automatic;
						TestTargetID = BE4EE0581EFE446300BD6930;
					};
				};
			};
			buildConfigurationList = BE4EE0541EFE446300BD6930 /* Build configuration list for PBXProject "camera" */;
			compatibilityVersion = "Xcode 3.2";
			developmentRegion = English;
			hasScannedForEncodings = 0;
			knownRegions = (
				en,
				Base,
			);
			mainGroup = BE4EE0501EFE446300BD6930;
			productRefGroup = BE4EE05A1EFE446300BD6930 /* Products */;
			projectDirPath = "";
			projectRoot = "";
			targets = (
				BE4EE0581EFE446300BD6930 /* camera */,
				BE4EE06C1EFE446400BD6930 /* cameraTests */,
				BE4EE0771EFE446400BD6930 /* cameraUITests */,
			);
		};
/* End PBXProject section */

/* Begin PBXResourcesBuildPhase section */
		BE4EE0571EFE446300BD6930 /* Resources */ = {
			isa = PBXResourcesBuildPhase;
			buildActionMask = 2147483647;
			files = (
				BE4EE0671EFE446300BD6930 /* LaunchScreen.storyboard in Resources */,
				BE4EE0641EFE446300BD6930 /* Assets.xcassets in Resources */,
				BE4EE0621EFE446300BD6930 /* Main.storyboard in Resources */,
			);
			runOnlyForDeploymentPostprocessing = 0;
		};
		BE4EE06B1EFE446400BD6930 /* Resources */ = {
			isa = PBXResourcesBuildPhase;
			buildActionMask = 2147483647;
			files = (
			);
			runOnlyForDeploymentPostprocessing = 0;
		};
		BE4EE0761EFE446400BD6930 /* Resources */ = {
			isa = PBXResourcesBuildPhase;
			buildActionMask = 2147483647;
			files = (
			);
			runOnlyForDeploymentPostprocessing = 0;
		};
/* End PBXResourcesBuildPhase section */

/* Begin PBXSourcesBuildPhase section */
		BE4EE0551EFE446300BD6930 /* Sources */ = {
			isa = PBXSourcesBuildPhase;
			buildActionMask = 2147483647;
			files = (
				BE4EE05F1EFE446300BD6930 /* ViewController.swift in Sources */,
				BE4EE05D1EFE446300BD6930 /* AppDelegate.swift in Sources */,
			);
			runOnlyForDeploymentPostprocessing = 0;
		};
		BE4EE0691EFE446400BD6930 /* Sources */ = {
			isa = PBXSourcesBuildPhase;
			buildActionMask = 2147483647;
			files = (
				BE4EE0721EFE446400BD6930 /* cameraTests.swift in Sources */,
			);
			runOnlyForDeploymentPostprocessing = 0;
		};
		BE4EE0741EFE446400BD6930 /* Sources */ = {
			isa = PBXSourcesBuildPhase;
			buildActionMask = 2147483647;
			files = (
				BE4EE07D1EFE446400BD6930 /* cameraUITests.swift in Sources */,
			);
			runOnlyForDeploymentPostprocessing = 0;
		};
/* End PBXSourcesBuildPhase section */

/* Begin PBXTargetDependency section */
		BE4EE06F1EFE446400BD6930 /* PBXTargetDependency */ = {
			isa = PBXTargetDependency;
			target = BE4EE0581EFE446300BD6930 /* camera */;
			targetProxy = BE4EE06E1EFE446400BD6930 /* PBXContainerItemProxy */;
		};
		BE4EE07A1EFE446400BD6930 /* PBXTargetDependency */ = {
			isa = PBXTargetDependency;
			target = BE4EE0581EFE446300BD6930 /* camera */;
			targetProxy = BE4EE0791EFE446400BD6930 /* PBXContainerItemProxy */;
		};
/* End PBXTargetDependency section */

/* Begin PBXVariantGroup section */
		BE4EE0601EFE446300BD6930 /* Main.storyboard */ = {
			isa = PBXVariantGroup;
			children = (
				BE4EE0611EFE446300BD6930 /* Base */,
			);
			name = Main.storyboard;
			sourceTree = "<group>";
		};
		BE4EE0651EFE446300BD6930 /* LaunchScreen.storyboard */ = {
			isa = PBXVariantGroup;
			children = (
				BE4EE0661EFE446300BD6930 /* Base */,
			);
			name = LaunchScreen.storyboard;
			sourceTree = "<group>";
		};
/* End PBXVariantGroup section */

/* Begin XCBuildConfiguration section */
		BE4EE07F1EFE446400BD6930 /* Debug */ = {
			isa = XCBuildConfiguration;
			buildSettings = {
				ALWAYS_SEARCH_USER_PATHS = NO;
				CLANG_ANALYZER_NONNULL = YES;
				CLANG_CXX_LANGUAGE_STANDARD = "gnu++0x";
				CLANG_CXX_LIBRARY = "libc++";
				CLANG_ENABLE_MODULES = YES;
				CLANG_ENABLE_OBJC_ARC = YES;
				CLANG_WARN_BOOL_CONVERSION = YES;
				CLANG_WARN_CONSTANT_CONVERSION = YES;
				CLANG_WARN_DIRECT_OBJC_ISA_USAGE = YES_ERROR;
				CLANG_WARN_DOCUMENTATION_COMMENTS = YES;
				CLANG_WARN_EMPTY_BODY = YES;
				CLANG_WARN_ENUM_CONVERSION = YES;
				CLANG_WARN_INFINITE_RECURSION = YES;
				CLANG_WARN_INT_CONVERSION = YES;
				CLANG_WARN_OBJC_ROOT_CLASS = YES_ERROR;
				CLANG_WARN_SUSPICIOUS_MOVE = YES;
				CLANG_WARN_UNREACHABLE_CODE = YES;
				CLANG_WARN__DUPLICATE_METHOD_MATCH = YES;
				"CODE_SIGN_IDENTITY[sdk=iphoneos*]" = "iPhone Developer";
				COPY_PHASE_STRIP = NO;
				DEBUG_INFORMATION_FORMAT = dwarf;
				ENABLE_STRICT_OBJC_MSGSEND = YES;
				ENABLE_TESTABILITY = YES;
				GCC_C_LANGUAGE_STANDARD = gnu99;
				GCC_DYNAMIC_NO_PIC = NO;
				GCC_NO_COMMON_BLOCKS = YES;
				GCC_OPTIMIZATION_LEVEL = 0;
				GCC_PREPROCESSOR_DEFINITIONS = (
					"DEBUG=1",
					"$(inherited)",
				);
				GCC_WARN_64_TO_32_BIT_CONVERSION = YES;
				GCC_WARN_ABOUT_RETURN_TYPE = YES_ERROR;
				GCC_WARN_UNDECLARED_SELECTOR = YES;
				GCC_WARN_UNINITIALIZED_AUTOS = YES_AGGRESSIVE;
				GCC_WARN_UNUSED_FUNCTION = YES;
				GCC_WARN_UNUSED_VARIABLE = YES;
				IPHONEOS_DEPLOYMENT_TARGET = 10.2;
				MTL_ENABLE_DEBUG_INFO = YES;
				ONLY_ACTIVE_ARCH = YES;
				SDKROOT = iphoneos;
				SWIFT_ACTIVE_COMPILATION_CONDITIONS = DEBUG;
				SWIFT_OPTIMIZATION_LEVEL = "-Onone";
			};
			name = Debug;
		};
		BE4EE0801EFE446400BD6930 /* Release */ = {
			isa = XCBuildConfiguration;
			buildSettings = {
				ALWAYS_SEARCH_USER_PATHS = NO;
				CLANG_ANALYZER_NONNULL = YES;
				CLANG_CXX_LANGUAGE_STANDARD = "gnu++0x";
				CLANG_CXX_LIBRARY = "libc++";
				CLANG_ENABLE_MODULES = YES;
				CLANG_ENABLE_OBJC_ARC = YES;
				CLANG_WARN_BOOL_CONVERSION = YES;
				CLANG_WARN_CONSTANT_CONVERSION = YES;
				CLANG_WARN_DIRECT_OBJC_ISA_USAGE = YES_ERROR;
				CLANG_WARN_DOCUMENTATION_COMMENTS = YES;
				CLANG_WARN_EMPTY_BODY = YES;
				CLANG_WARN_ENUM_CONVERSION = YES;
				CLANG_WARN_INFINITE_RECURSION = YES;
				CLANG_WARN_INT_CONVERSION = YES;
				CLANG_WARN_OBJC_ROOT_CLASS = YES_ERROR;
				CLANG_WARN_SUSPICIOUS_MOVE = YES;
				CLANG_WARN_UNREACHABLE_CODE = YES;
				CLANG_WARN__DUPLICATE_METHOD_MATCH = YES;
				"CODE_SIGN_IDENTITY[sdk=iphoneos*]" = "iPhone Developer";
				COPY_PHASE_STRIP = NO;
				DEBUG_INFORMATION_FORMAT = "dwarf-with-dsym";
				ENABLE_NS_ASSERTIONS = NO;
				ENABLE_STRICT_OBJC_MSGSEND = YES;
				GCC_C_LANGUAGE_STANDARD = gnu99;
				GCC_NO_COMMON_BLOCKS = YES;
				GCC_WARN_64_TO_32_BIT_CONVERSION = YES;
				GCC_WARN_ABOUT_RETURN_TYPE = YES_ERROR;
				GCC_WARN_UNDECLARED_SELECTOR = YES;
				GCC_WARN_UNINITIALIZED_AUTOS = YES_AGGRESSIVE;
				GCC_WARN_UNUSED_FUNCTION = YES;
				GCC_WARN_UNUSED_VARIABLE = YES;
				IPHONEOS_DEPLOYMENT_TARGET = 10.2;
				MTL_ENABLE_DEBUG_INFO = NO;
				SDKROOT = iphoneos;
				SWIFT_OPTIMIZATION_LEVEL = "-Owholemodule";
				VALIDATE_PRODUCT = YES;
			};
			name = Release;
		};
		BE4EE0821EFE446400BD6930 /* Debug */ = {
			isa = XCBuildConfiguration;
			buildSettings = {
				ASSETCATALOG_COMPILER_APPICON_NAME = AppIcon;
				DEVELOPMENT_TEAM = G38HH54347;
				INFOPLIST_FILE = camera/Info.plist;
				LD_RUNPATH_SEARCH_PATHS = "$(inherited) @executable_path/Frameworks";
				PRODUCT_BUNDLE_IDENTIFIER = com.litech.camera.seiya;
				PRODUCT_NAME = "$(TARGET_NAME)";
				SWIFT_VERSION = 3.0;
			};
			name = Debug;
		};
		BE4EE0831EFE446400BD6930 /* Release */ = {
			isa = XCBuildConfiguration;
			buildSettings = {
				ASSETCATALOG_COMPILER_APPICON_NAME = AppIcon;
				DEVELOPMENT_TEAM = G38HH54347;
				INFOPLIST_FILE = camera/Info.plist;
				LD_RUNPATH_SEARCH_PATHS = "$(inherited) @executable_path/Frameworks";
				PRODUCT_BUNDLE_IDENTIFIER = com.litech.camera.seiya;
				PRODUCT_NAME = "$(TARGET_NAME)";
				SWIFT_VERSION = 3.0;
			};
			name = Release;
		};
		BE4EE0851EFE446400BD6930 /* Debug */ = {
			isa = XCBuildConfiguration;
			buildSettings = {
				ALWAYS_EMBED_SWIFT_STANDARD_LIBRARIES = YES;
				BUNDLE_LOADER = "$(TEST_HOST)";
				DEVELOPMENT_TEAM = G38HH54347;
				INFOPLIST_FILE = cameraTests/Info.plist;
				LD_RUNPATH_SEARCH_PATHS = "$(inherited) @executable_path/Frameworks @loader_path/Frameworks";
				PRODUCT_BUNDLE_IDENTIFIER = com.litech.cameraTests;
				PRODUCT_NAME = "$(TARGET_NAME)";
				SWIFT_VERSION = 3.0;
				TEST_HOST = "$(BUILT_PRODUCTS_DIR)/camera.app/camera";
			};
			name = Debug;
		};
		BE4EE0861EFE446400BD6930 /* Release */ = {
			isa = XCBuildConfiguration;
			buildSettings = {
				ALWAYS_EMBED_SWIFT_STANDARD_LIBRARIES = YES;
				BUNDLE_LOADER = "$(TEST_HOST)";
				DEVELOPMENT_TEAM = G38HH54347;
				INFOPLIST_FILE = cameraTests/Info.plist;
				LD_RUNPATH_SEARCH_PATHS = "$(inherited) @executable_path/Frameworks @loader_path/Frameworks";
				PRODUCT_BUNDLE_IDENTIFIER = com.litech.cameraTests;
				PRODUCT_NAME = "$(TARGET_NAME)";
				SWIFT_VERSION = 3.0;
				TEST_HOST = "$(BUILT_PRODUCTS_DIR)/camera.app/camera";
			};
			name = Release;
		};
		BE4EE0881EFE446400BD6930 /* Debug */ = {
			isa = XCBuildConfiguration;
			buildSettings = {
				ALWAYS_EMBED_SWIFT_STANDARD_LIBRARIES = YES;
				DEVELOPMENT_TEAM = G38HH54347;
				INFOPLIST_FILE = cameraUITests/Info.plist;
				LD_RUNPATH_SEARCH_PATHS = "$(inherited) @executable_path/Frameworks @loader_path/Frameworks";
				PRODUCT_BUNDLE_IDENTIFIER = com.litech.cameraUITests;
				PRODUCT_NAME = "$(TARGET_NAME)";
				SWIFT_VERSION = 3.0;
				TEST_TARGET_NAME = camera;
			};
			name = Debug;
		};
		BE4EE0891EFE446400BD6930 /* Release */ = {
			isa = XCBuildConfiguration;
			buildSettings = {
				ALWAYS_EMBED_SWIFT_STANDARD_LIBRARIES = YES;
				DEVELOPMENT_TEAM = G38HH54347;
				INFOPLIST_FILE = cameraUITests/Info.plist;
				LD_RUNPATH_SEARCH_PATHS = "$(inherited) @executable_path/Frameworks @loader_path/Frameworks";
				PRODUCT_BUNDLE_IDENTIFIER = com.litech.cameraUITests;
				PRODUCT_NAME = "$(TARGET_NAME)";
				SWIFT_VERSION = 3.0;
				TEST_TARGET_NAME = camera;
			};
			name = Release;
		};
/* End XCBuildConfiguration section */

/* Begin XCConfigurationList section */
		BE4EE0541EFE446300BD6930 /* Build configuration list for PBXProject "camera" */ = {
			isa = XCConfigurationList;
			buildConfigurations = (
				BE4EE07F1EFE446400BD6930 /* Debug */,
				BE4EE0801EFE446400BD6930 /* Release */,
			);
			defaultConfigurationIsVisible = 0;
			defaultConfigurationName = Release;
		};
		BE4EE0811EFE446400BD6930 /* Build configuration list for PBXNativeTarget "camera" */ = {
			isa = XCConfigurationList;
			buildConfigurations = (
				BE4EE0821EFE446400BD6930 /* Debug */,
				BE4EE0831EFE446400BD6930 /* Release */,
			);
			defaultConfigurationIsVisible = 0;
		};
		BE4EE0841EFE446400BD6930 /* Build configuration list for PBXNativeTarget "cameraTests" */ = {
			isa = XCConfigurationList;
			buildConfigurations = (
				BE4EE0851EFE446400BD6930 /* Debug */,
				BE4EE0861EFE446400BD6930 /* Release */,
			);
			defaultConfigurationIsVisible = 0;
		};
		BE4EE0871EFE446400BD6930 /* Build configuration list for PBXNativeTarget "cameraUITests" */ = {
			isa = XCConfigurationList;
			buildConfigurations = (
				BE4EE0881EFE446400BD6930 /* Debug */,
				BE4EE0891EFE446400BD6930 /* Release */,
			);
			defaultConfigurationIsVisible = 0;
		};
/* End XCConfigurationList section */
	};
	rootObject = BE4EE0511EFE446300BD6930 /* Project object */;
}
